// !$*UTF8*$!
{
	archiveVersion = 1;
	classes = {
	};
	objectVersion = 46;
	objects = {

/* Begin PBXBuildFile section */
		6ACF120218D4F12000180CC0 /* Foundation.framework in Frameworks */ = {isa = PBXBuildFile; fileRef = 6ACF120118D4F12000180CC0 /* Foundation.framework */; };
		6ACF120418D4F12000180CC0 /* CoreGraphics.framework in Frameworks */ = {isa = PBXBuildFile; fileRef = 6ACF120318D4F12000180CC0 /* CoreGraphics.framework */; };
		6ACF120618D4F12000180CC0 /* UIKit.framework in Frameworks */ = {isa = PBXBuildFile; fileRef = 6ACF120518D4F12000180CC0 /* UIKit.framework */; };
		6ACF120C18D4F12000180CC0 /* InfoPlist.strings in Resources */ = {isa = PBXBuildFile; fileRef = 6ACF120A18D4F12000180CC0 /* InfoPlist.strings */; };
		6ACF120E18D4F12000180CC0 /* main.m in Sources */ = {isa = PBXBuildFile; fileRef = 6ACF120D18D4F12000180CC0 /* main.m */; };
		6ACF121218D4F12000180CC0 /* AppDelegate.m in Sources */ = {isa = PBXBuildFile; fileRef = 6ACF121118D4F12000180CC0 /* AppDelegate.m */; };
		6ACF121518D4F12000180CC0 /* Main.storyboard in Resources */ = {isa = PBXBuildFile; fileRef = 6ACF121318D4F12000180CC0 /* Main.storyboard */; };
		6ACF121818D4F12000180CC0 /* ViewController.m in Sources */ = {isa = PBXBuildFile; fileRef = 6ACF121718D4F12000180CC0 /* ViewController.m */; };
		6ACF121A18D4F12000180CC0 /* Images.xcassets in Resources */ = {isa = PBXBuildFile; fileRef = 6ACF121918D4F12000180CC0 /* Images.xcassets */; };
		6ACF122118D4F12000180CC0 /* XCTest.framework in Frameworks */ = {isa = PBXBuildFile; fileRef = 6ACF122018D4F12000180CC0 /* XCTest.framework */; };
		6ACF122218D4F12000180CC0 /* Foundation.framework in Frameworks */ = {isa = PBXBuildFile; fileRef = 6ACF120118D4F12000180CC0 /* Foundation.framework */; };
		6ACF122318D4F12000180CC0 /* UIKit.framework in Frameworks */ = {isa = PBXBuildFile; fileRef = 6ACF120518D4F12000180CC0 /* UIKit.framework */; };
		6ACF122B18D4F12000180CC0 /* InfoPlist.strings in Resources */ = {isa = PBXBuildFile; fileRef = 6ACF122918D4F12000180CC0 /* InfoPlist.strings */; };
		6ACF122D18D4F12000180CC0 /* SocialMappingAppTests.m in Sources */ = {isa = PBXBuildFile; fileRef = 6ACF122C18D4F12000180CC0 /* SocialMappingAppTests.m */; };
		6ACF123718D4F53700180CC0 /* GoogleMaps.framework in Frameworks */ = {isa = PBXBuildFile; fileRef = 6ACF123618D4F53700180CC0 /* GoogleMaps.framework */; };
		6ACF123918D4F60900180CC0 /* AVFoundation.framework in Frameworks */ = {isa = PBXBuildFile; fileRef = 6ACF123818D4F60900180CC0 /* AVFoundation.framework */; };
		6ACF123B18D4F61000180CC0 /* CoreData.framework in Frameworks */ = {isa = PBXBuildFile; fileRef = 6ACF123A18D4F61000180CC0 /* CoreData.framework */; };
		6ACF123D18D4F61F00180CC0 /* CoreLocation.framework in Frameworks */ = {isa = PBXBuildFile; fileRef = 6ACF123C18D4F61F00180CC0 /* CoreLocation.framework */; };
		6ACF123F18D4F62500180CC0 /* CoreText.framework in Frameworks */ = {isa = PBXBuildFile; fileRef = 6ACF123E18D4F62500180CC0 /* CoreText.framework */; };
		6ACF124118D4F63800180CC0 /* GLKit.framework in Frameworks */ = {isa = PBXBuildFile; fileRef = 6ACF124018D4F63800180CC0 /* GLKit.framework */; };
		6ACF124318D4F63E00180CC0 /* ImageIO.framework in Frameworks */ = {isa = PBXBuildFile; fileRef = 6ACF124218D4F63E00180CC0 /* ImageIO.framework */; };
		6ACF124518D4F66C00180CC0 /* libc++.dylib in Frameworks */ = {isa = PBXBuildFile; fileRef = 6ACF124418D4F66C00180CC0 /* libc++.dylib */; };
		6ACF124718D4F67500180CC0 /* libicucore.dylib in Frameworks */ = {isa = PBXBuildFile; fileRef = 6ACF124618D4F67500180CC0 /* libicucore.dylib */; };
		6ACF124918D4F68600180CC0 /* libz.dylib in Frameworks */ = {isa = PBXBuildFile; fileRef = 6ACF124818D4F68600180CC0 /* libz.dylib */; };
		6ACF124B18D4F68D00180CC0 /* OpenGLES.framework in Frameworks */ = {isa = PBXBuildFile; fileRef = 6ACF124A18D4F68D00180CC0 /* OpenGLES.framework */; };
		6ACF124D18D4F69400180CC0 /* QuartzCore.framework in Frameworks */ = {isa = PBXBuildFile; fileRef = 6ACF124C18D4F69400180CC0 /* QuartzCore.framework */; };
		6ACF124F18D4F6A300180CC0 /* SystemConfiguration.framework in Frameworks */ = {isa = PBXBuildFile; fileRef = 6ACF124E18D4F6A300180CC0 /* SystemConfiguration.framework */; };
		6ACF125118D4FA2800180CC0 /* GoogleMaps.bundle in Resources */ = {isa = PBXBuildFile; fileRef = 6ACF125018D4FA2800180CC0 /* GoogleMaps.bundle */; };
/* End PBXBuildFile section */

/* Begin PBXContainerItemProxy section */
		6ACF122418D4F12000180CC0 /* PBXContainerItemProxy */ = {
			isa = PBXContainerItemProxy;
			containerPortal = 6ACF11F618D4F12000180CC0 /* Project object */;
			proxyType = 1;
			remoteGlobalIDString = 6ACF11FD18D4F12000180CC0;
			remoteInfo = SocialMappingApp;
		};
/* End PBXContainerItemProxy section */

/* Begin PBXFileReference section */
		6ACF11FE18D4F12000180CC0 /* SocialMappingApp.app */ = {isa = PBXFileReference; explicitFileType = wrapper.application; includeInIndex = 0; path = SocialMappingApp.app; sourceTree = BUILT_PRODUCTS_DIR; };
		6ACF120118D4F12000180CC0 /* Foundation.framework */ = {isa = PBXFileReference; lastKnownFileType = wrapper.framework; name = Foundation.framework; path = System/Library/Frameworks/Foundation.framework; sourceTree = SDKROOT; };
		6ACF120318D4F12000180CC0 /* CoreGraphics.framework */ = {isa = PBXFileReference; lastKnownFileType = wrapper.framework; name = CoreGraphics.framework; path = System/Library/Frameworks/CoreGraphics.framework; sourceTree = SDKROOT; };
		6ACF120518D4F12000180CC0 /* UIKit.framework */ = {isa = PBXFileReference; lastKnownFileType = wrapper.framework; name = UIKit.framework; path = System/Library/Frameworks/UIKit.framework; sourceTree = SDKROOT; };
		6ACF120918D4F12000180CC0 /* SocialMappingApp-Info.plist */ = {isa = PBXFileReference; lastKnownFileType = text.plist.xml; path = "SocialMappingApp-Info.plist"; sourceTree = "<group>"; };
		6ACF120B18D4F12000180CC0 /* en */ = {isa = PBXFileReference; lastKnownFileType = text.plist.strings; name = en; path = en.lproj/InfoPlist.strings; sourceTree = "<group>"; };
		6ACF120D18D4F12000180CC0 /* main.m */ = {isa = PBXFileReference; lastKnownFileType = sourcecode.c.objc; path = main.m; sourceTree = "<group>"; };
		6ACF120F18D4F12000180CC0 /* SocialMappingApp-Prefix.pch */ = {isa = PBXFileReference; lastKnownFileType = sourcecode.c.h; path = "SocialMappingApp-Prefix.pch"; sourceTree = "<group>"; };
		6ACF121018D4F12000180CC0 /* AppDelegate.h */ = {isa = PBXFileReference; lastKnownFileType = sourcecode.c.h; path = AppDelegate.h; sourceTree = "<group>"; };
		6ACF121118D4F12000180CC0 /* AppDelegate.m */ = {isa = PBXFileReference; lastKnownFileType = sourcecode.c.objc; path = AppDelegate.m; sourceTree = "<group>"; };
		6ACF121418D4F12000180CC0 /* Base */ = {isa = PBXFileReference; lastKnownFileType = file.storyboard; name = Base; path = Base.lproj/Main.storyboard; sourceTree = "<group>"; };
		6ACF121618D4F12000180CC0 /* ViewController.h */ = {isa = PBXFileReference; lastKnownFileType = sourcecode.c.h; path = ViewController.h; sourceTree = "<group>"; };
		6ACF121718D4F12000180CC0 /* ViewController.m */ = {isa = PBXFileReference; lastKnownFileType = sourcecode.c.objc; path = ViewController.m; sourceTree = "<group>"; };
		6ACF121918D4F12000180CC0 /* Images.xcassets */ = {isa = PBXFileReference; lastKnownFileType = folder.assetcatalog; path = Images.xcassets; sourceTree = "<group>"; };
		6ACF121F18D4F12000180CC0 /* SocialMappingAppTests.xctest */ = {isa = PBXFileReference; explicitFileType = wrapper.cfbundle; includeInIndex = 0; path = SocialMappingAppTests.xctest; sourceTree = BUILT_PRODUCTS_DIR; };
		6ACF122018D4F12000180CC0 /* XCTest.framework */ = {isa = PBXFileReference; lastKnownFileType = wrapper.framework; name = XCTest.framework; path = Library/Frameworks/XCTest.framework; sourceTree = DEVELOPER_DIR; };
		6ACF122818D4F12000180CC0 /* SocialMappingAppTests-Info.plist */ = {isa = PBXFileReference; lastKnownFileType = text.plist.xml; path = "SocialMappingAppTests-Info.plist"; sourceTree = "<group>"; };
		6ACF122A18D4F12000180CC0 /* en */ = {isa = PBXFileReference; lastKnownFileType = text.plist.strings; name = en; path = en.lproj/InfoPlist.strings; sourceTree = "<group>"; };
		6ACF122C18D4F12000180CC0 /* SocialMappingAppTests.m */ = {isa = PBXFileReference; lastKnownFileType = sourcecode.c.objc; path = SocialMappingAppTests.m; sourceTree = "<group>"; };
		6ACF123618D4F53700180CC0 /* GoogleMaps.framework */ = {isa = PBXFileReference; lastKnownFileType = wrapper.framework; path = GoogleMaps.framework; sourceTree = "<group>"; };
		6ACF123818D4F60900180CC0 /* AVFoundation.framework */ = {isa = PBXFileReference; lastKnownFileType = wrapper.framework; name = AVFoundation.framework; path = System/Library/Frameworks/AVFoundation.framework; sourceTree = SDKROOT; };
		6ACF123A18D4F61000180CC0 /* CoreData.framework */ = {isa = PBXFileReference; lastKnownFileType = wrapper.framework; name = CoreData.framework; path = System/Library/Frameworks/CoreData.framework; sourceTree = SDKROOT; };
		6ACF123C18D4F61F00180CC0 /* CoreLocation.framework */ = {isa = PBXFileReference; lastKnownFileType = wrapper.framework; name = CoreLocation.framework; path = System/Library/Frameworks/CoreLocation.framework; sourceTree = SDKROOT; };
		6ACF123E18D4F62500180CC0 /* CoreText.framework */ = {isa = PBXFileReference; lastKnownFileType = wrapper.framework; name = CoreText.framework; path = System/Library/Frameworks/CoreText.framework; sourceTree = SDKROOT; };
		6ACF124018D4F63800180CC0 /* GLKit.framework */ = {isa = PBXFileReference; lastKnownFileType = wrapper.framework; name = GLKit.framework; path = System/Library/Frameworks/GLKit.framework; sourceTree = SDKROOT; };
		6ACF124218D4F63E00180CC0 /* ImageIO.framework */ = {isa = PBXFileReference; lastKnownFileType = wrapper.framework; name = ImageIO.framework; path = System/Library/Frameworks/ImageIO.framework; sourceTree = SDKROOT; };
		6ACF124418D4F66C00180CC0 /* libc++.dylib */ = {isa = PBXFileReference; lastKnownFileType = "compiled.mach-o.dylib"; name = "libc++.dylib"; path = "usr/lib/libc++.dylib"; sourceTree = SDKROOT; };
		6ACF124618D4F67500180CC0 /* libicucore.dylib */ = {isa = PBXFileReference; lastKnownFileType = "compiled.mach-o.dylib"; name = libicucore.dylib; path = usr/lib/libicucore.dylib; sourceTree = SDKROOT; };
		6ACF124818D4F68600180CC0 /* libz.dylib */ = {isa = PBXFileReference; lastKnownFileType = "compiled.mach-o.dylib"; name = libz.dylib; path = usr/lib/libz.dylib; sourceTree = SDKROOT; };
		6ACF124A18D4F68D00180CC0 /* OpenGLES.framework */ = {isa = PBXFileReference; lastKnownFileType = wrapper.framework; name = OpenGLES.framework; path = System/Library/Frameworks/OpenGLES.framework; sourceTree = SDKROOT; };
		6ACF124C18D4F69400180CC0 /* QuartzCore.framework */ = {isa = PBXFileReference; lastKnownFileType = wrapper.framework; name = QuartzCore.framework; path = System/Library/Frameworks/QuartzCore.framework; sourceTree = SDKROOT; };
		6ACF124E18D4F6A300180CC0 /* SystemConfiguration.framework */ = {isa = PBXFileReference; lastKnownFileType = wrapper.framework; name = SystemConfiguration.framework; path = System/Library/Frameworks/SystemConfiguration.framework; sourceTree = SDKROOT; };
		6ACF125018D4FA2800180CC0 /* GoogleMaps.bundle */ = {isa = PBXFileReference; lastKnownFileType = "wrapper.plug-in"; path = GoogleMaps.bundle; sourceTree = "<group>"; };
/* End PBXFileReference section */

/* Begin PBXFrameworksBuildPhase section */
		6ACF11FB18D4F12000180CC0 /* Frameworks */ = {
			isa = PBXFrameworksBuildPhase;
			buildActionMask = 2147483647;
			files = (
				6ACF124F18D4F6A300180CC0 /* SystemConfiguration.framework in Frameworks */,
				6ACF124D18D4F69400180CC0 /* QuartzCore.framework in Frameworks */,
				6ACF124B18D4F68D00180CC0 /* OpenGLES.framework in Frameworks */,
				6ACF124918D4F68600180CC0 /* libz.dylib in Frameworks */,
				6ACF124718D4F67500180CC0 /* libicucore.dylib in Frameworks */,
				6ACF124518D4F66C00180CC0 /* libc++.dylib in Frameworks */,
				6ACF124318D4F63E00180CC0 /* ImageIO.framework in Frameworks */,
				6ACF124118D4F63800180CC0 /* GLKit.framework in Frameworks */,
				6ACF123F18D4F62500180CC0 /* CoreText.framework in Frameworks */,
				6ACF123D18D4F61F00180CC0 /* CoreLocation.framework in Frameworks */,
				6ACF123B18D4F61000180CC0 /* CoreData.framework in Frameworks */,
				6ACF123918D4F60900180CC0 /* AVFoundation.framework in Frameworks */,
				6ACF120418D4F12000180CC0 /* CoreGraphics.framework in Frameworks */,
				6ACF120618D4F12000180CC0 /* UIKit.framework in Frameworks */,
				6ACF123718D4F53700180CC0 /* GoogleMaps.framework in Frameworks */,
				6ACF120218D4F12000180CC0 /* Foundation.framework in Frameworks */,
			);
			runOnlyForDeploymentPostprocessing = 0;
		};
		6ACF121C18D4F12000180CC0 /* Frameworks */ = {
			isa = PBXFrameworksBuildPhase;
			buildActionMask = 2147483647;
			files = (
				6ACF122118D4F12000180CC0 /* XCTest.framework in Frameworks */,
				6ACF122318D4F12000180CC0 /* UIKit.framework in Frameworks */,
				6ACF122218D4F12000180CC0 /* Foundation.framework in Frameworks */,
			);
			runOnlyForDeploymentPostprocessing = 0;
		};
/* End PBXFrameworksBuildPhase section */

/* Begin PBXGroup section */
		6ACF11F518D4F12000180CC0 = {
			isa = PBXGroup;
			children = (
				6ACF120718D4F12000180CC0 /* SocialMappingApp */,
				6ACF122618D4F12000180CC0 /* SocialMappingAppTests */,
				6ACF120018D4F12000180CC0 /* Frameworks */,
				6ACF11FF18D4F12000180CC0 /* Products */,
			);
			sourceTree = "<group>";
		};
		6ACF11FF18D4F12000180CC0 /* Products */ = {
			isa = PBXGroup;
			children = (
				6ACF11FE18D4F12000180CC0 /* SocialMappingApp.app */,
				6ACF121F18D4F12000180CC0 /* SocialMappingAppTests.xctest */,
			);
			name = Products;
			sourceTree = "<group>";
		};
		6ACF120018D4F12000180CC0 /* Frameworks */ = {
			isa = PBXGroup;
			children = (
				6ACF125018D4FA2800180CC0 /* GoogleMaps.bundle */,
				6ACF124E18D4F6A300180CC0 /* SystemConfiguration.framework */,
				6ACF124C18D4F69400180CC0 /* QuartzCore.framework */,
				6ACF124A18D4F68D00180CC0 /* OpenGLES.framework */,
				6ACF124818D4F68600180CC0 /* libz.dylib */,
				6ACF124618D4F67500180CC0 /* libicucore.dylib */,
				6ACF124418D4F66C00180CC0 /* libc++.dylib */,
				6ACF124218D4F63E00180CC0 /* ImageIO.framework */,
				6ACF124018D4F63800180CC0 /* GLKit.framework */,
				6ACF123E18D4F62500180CC0 /* CoreText.framework */,
				6ACF123C18D4F61F00180CC0 /* CoreLocation.framework */,
				6ACF123A18D4F61000180CC0 /* CoreData.framework */,
				6ACF123818D4F60900180CC0 /* AVFoundation.framework */,
				6ACF123618D4F53700180CC0 /* GoogleMaps.framework */,
				6ACF120118D4F12000180CC0 /* Foundation.framework */,
				6ACF120318D4F12000180CC0 /* CoreGraphics.framework */,
				6ACF120518D4F12000180CC0 /* UIKit.framework */,
				6ACF122018D4F12000180CC0 /* XCTest.framework */,
			);
			name = Frameworks;
			sourceTree = "<group>";
		};
		6ACF120718D4F12000180CC0 /* SocialMappingApp */ = {
			isa = PBXGroup;
			children = (
				6ACF121018D4F12000180CC0 /* AppDelegate.h */,
				6ACF121118D4F12000180CC0 /* AppDelegate.m */,
				6ACF121318D4F12000180CC0 /* Main.storyboard */,
				6ACF121618D4F12000180CC0 /* ViewController.h */,
				6ACF121718D4F12000180CC0 /* ViewController.m */,
				6ACF121918D4F12000180CC0 /* Images.xcassets */,
				6ACF120818D4F12000180CC0 /* Supporting Files */,
			);
			path = SocialMappingApp;
			sourceTree = "<group>";
		};
		6ACF120818D4F12000180CC0 /* Supporting Files */ = {
			isa = PBXGroup;
			children = (
				6ACF120918D4F12000180CC0 /* SocialMappingApp-Info.plist */,
				6ACF120A18D4F12000180CC0 /* InfoPlist.strings */,
				6ACF120D18D4F12000180CC0 /* main.m */,
				6ACF120F18D4F12000180CC0 /* SocialMappingApp-Prefix.pch */,
			);
			name = "Supporting Files";
			sourceTree = "<group>";
		};
		6ACF122618D4F12000180CC0 /* SocialMappingAppTests */ = {
			isa = PBXGroup;
			children = (
				6ACF122C18D4F12000180CC0 /* SocialMappingAppTests.m */,
				6ACF122718D4F12000180CC0 /* Supporting Files */,
			);
			path = SocialMappingAppTests;
			sourceTree = "<group>";
		};
		6ACF122718D4F12000180CC0 /* Supporting Files */ = {
			isa = PBXGroup;
			children = (
				6ACF122818D4F12000180CC0 /* SocialMappingAppTests-Info.plist */,
				6ACF122918D4F12000180CC0 /* InfoPlist.strings */,
			);
			name = "Supporting Files";
			sourceTree = "<group>";
		};
/* End PBXGroup section */

/* Begin PBXNativeTarget section */
		6ACF11FD18D4F12000180CC0 /* SocialMappingApp */ = {
			isa = PBXNativeTarget;
			buildConfigurationList = 6ACF123018D4F12000180CC0 /* Build configuration list for PBXNativeTarget "SocialMappingApp" */;
			buildPhases = (
				6ACF11FA18D4F12000180CC0 /* Sources */,
				6ACF11FB18D4F12000180CC0 /* Frameworks */,
				6ACF11FC18D4F12000180CC0 /* Resources */,
			);
			buildRules = (
			);
			dependencies = (
			);
			name = SocialMappingApp;
			productName = SocialMappingApp;
			productReference = 6ACF11FE18D4F12000180CC0 /* SocialMappingApp.app */;
			productType = "com.apple.product-type.application";
		};
		6ACF121E18D4F12000180CC0 /* SocialMappingAppTests */ = {
			isa = PBXNativeTarget;
			buildConfigurationList = 6ACF123318D4F12000180CC0 /* Build configuration list for PBXNativeTarget "SocialMappingAppTests" */;
			buildPhases = (
				6ACF121B18D4F12000180CC0 /* Sources */,
				6ACF121C18D4F12000180CC0 /* Frameworks */,
				6ACF121D18D4F12000180CC0 /* Resources */,
			);
			buildRules = (
			);
			dependencies = (
				6ACF122518D4F12000180CC0 /* PBXTargetDependency */,
			);
			name = SocialMappingAppTests;
			productName = SocialMappingAppTests;
			productReference = 6ACF121F18D4F12000180CC0 /* SocialMappingAppTests.xctest */;
			productType = "com.apple.product-type.bundle.unit-test";
		};
/* End PBXNativeTarget section */

/* Begin PBXProject section */
		6ACF11F618D4F12000180CC0 /* Project object */ = {
			isa = PBXProject;
			attributes = {
				LastUpgradeCheck = 0500;
				ORGANIZATIONNAME = "Casey Atnip";
				TargetAttributes = {
					6ACF121E18D4F12000180CC0 = {
						TestTargetID = 6ACF11FD18D4F12000180CC0;
					};
				};
			};
			buildConfigurationList = 6ACF11F918D4F12000180CC0 /* Build configuration list for PBXProject "SocialMappingApp" */;
			compatibilityVersion = "Xcode 3.2";
			developmentRegion = English;
			hasScannedForEncodings = 0;
			knownRegions = (
				en,
				Base,
			);
			mainGroup = 6ACF11F518D4F12000180CC0;
			productRefGroup = 6ACF11FF18D4F12000180CC0 /* Products */;
			projectDirPath = "";
			projectRoot = "";
			targets = (
				6ACF11FD18D4F12000180CC0 /* SocialMappingApp */,
				6ACF121E18D4F12000180CC0 /* SocialMappingAppTests */,
			);
		};
/* End PBXProject section */

/* Begin PBXResourcesBuildPhase section */
		6ACF11FC18D4F12000180CC0 /* Resources */ = {
			isa = PBXResourcesBuildPhase;
			buildActionMask = 2147483647;
			files = (
				6ACF121A18D4F12000180CC0 /* Images.xcassets in Resources */,
				6ACF120C18D4F12000180CC0 /* InfoPlist.strings in Resources */,
				6ACF121518D4F12000180CC0 /* Main.storyboard in Resources */,
				6ACF125118D4FA2800180CC0 /* GoogleMaps.bundle in Resources */,
			);
			runOnlyForDeploymentPostprocessing = 0;
		};
		6ACF121D18D4F12000180CC0 /* Resources */ = {
			isa = PBXResourcesBuildPhase;
			buildActionMask = 2147483647;
			files = (
				6ACF122B18D4F12000180CC0 /* InfoPlist.strings in Resources */,
			);
			runOnlyForDeploymentPostprocessing = 0;
		};
/* End PBXResourcesBuildPhase section */

/* Begin PBXSourcesBuildPhase section */
		6ACF11FA18D4F12000180CC0 /* Sources */ = {
			isa = PBXSourcesBuildPhase;
			buildActionMask = 2147483647;
			files = (
				6ACF121818D4F12000180CC0 /* ViewController.m in Sources */,
				6ACF121218D4F12000180CC0 /* AppDelegate.m in Sources */,
				6ACF120E18D4F12000180CC0 /* main.m in Sources */,
			);
			runOnlyForDeploymentPostprocessing = 0;
		};
		6ACF121B18D4F12000180CC0 /* Sources */ = {
			isa = PBXSourcesBuildPhase;
			buildActionMask = 2147483647;
			files = (
				6ACF122D18D4F12000180CC0 /* SocialMappingAppTests.m in Sources */,
			);
			runOnlyForDeploymentPostprocessing = 0;
		};
/* End PBXSourcesBuildPhase section */

/* Begin PBXTargetDependency section */
		6ACF122518D4F12000180CC0 /* PBXTargetDependency */ = {
			isa = PBXTargetDependency;
			target = 6ACF11FD18D4F12000180CC0 /* SocialMappingApp */;
			targetProxy = 6ACF122418D4F12000180CC0 /* PBXContainerItemProxy */;
		};
/* End PBXTargetDependency section */

/* Begin PBXVariantGroup section */
		6ACF120A18D4F12000180CC0 /* InfoPlist.strings */ = {
			isa = PBXVariantGroup;
			children = (
				6ACF120B18D4F12000180CC0 /* en */,
			);
			name = InfoPlist.strings;
			sourceTree = "<group>";
		};
		6ACF121318D4F12000180CC0 /* Main.storyboard */ = {
			isa = PBXVariantGroup;
			children = (
				6ACF121418D4F12000180CC0 /* Base */,
			);
			name = Main.storyboard;
			sourceTree = "<group>";
		};
		6ACF122918D4F12000180CC0 /* InfoPlist.strings */ = {
			isa = PBXVariantGroup;
			children = (
				6ACF122A18D4F12000180CC0 /* en */,
			);
			name = InfoPlist.strings;
			sourceTree = "<group>";
		};
/* End PBXVariantGroup section */

/* Begin XCBuildConfiguration section */
		6ACF122E18D4F12000180CC0 /* Debug */ = {
			isa = XCBuildConfiguration;
			buildSettings = {
				ALWAYS_SEARCH_USER_PATHS = NO;
				ARCHS = "$(ARCHS_STANDARD_INCLUDING_64_BIT)";
				CLANG_CXX_LANGUAGE_STANDARD = "gnu++0x";
				CLANG_CXX_LIBRARY = "libc++";
				CLANG_ENABLE_MODULES = YES;
				CLANG_ENABLE_OBJC_ARC = YES;
				CLANG_WARN_BOOL_CONVERSION = YES;
				CLANG_WARN_CONSTANT_CONVERSION = YES;
				CLANG_WARN_DIRECT_OBJC_ISA_USAGE = YES_ERROR;
				CLANG_WARN_EMPTY_BODY = YES;
				CLANG_WARN_ENUM_CONVERSION = YES;
				CLANG_WARN_INT_CONVERSION = YES;
				CLANG_WARN_OBJC_ROOT_CLASS = YES_ERROR;
				CLANG_WARN__DUPLICATE_METHOD_MATCH = YES;
				"CODE_SIGN_IDENTITY[sdk=iphoneos*]" = "iPhone Developer";
				COPY_PHASE_STRIP = NO;
				GCC_C_LANGUAGE_STANDARD = gnu99;
				GCC_DYNAMIC_NO_PIC = NO;
				GCC_OPTIMIZATION_LEVEL = 0;
				GCC_PREPROCESSOR_DEFINITIONS = (
					"DEBUG=1",
					"$(inherited)",
				);
				GCC_SYMBOLS_PRIVATE_EXTERN = NO;
				GCC_WARN_64_TO_32_BIT_CONVERSION = YES;
				GCC_WARN_ABOUT_RETURN_TYPE = YES_ERROR;
				GCC_WARN_UNDECLARED_SELECTOR = YES;
				GCC_WARN_UNINITIALIZED_AUTOS = YES;
				GCC_WARN_UNUSED_FUNCTION = YES;
				GCC_WARN_UNUSED_VARIABLE = YES;
				IPHONEOS_DEPLOYMENT_TARGET = 7.0;
				ONLY_ACTIVE_ARCH = YES;
				OTHER_CFLAGS = "";
				OTHER_LDFLAGS = "-ObjC";
				SDKROOT = iphoneos;
			};
			name = Debug;
		};
		6ACF122F18D4F12000180CC0 /* Release */ = {
			isa = XCBuildConfiguration;
			buildSettings = {
				ALWAYS_SEARCH_USER_PATHS = NO;
				ARCHS = "$(ARCHS_STANDARD_INCLUDING_64_BIT)";
				CLANG_CXX_LANGUAGE_STANDARD = "gnu++0x";
				CLANG_CXX_LIBRARY = "libc++";
				CLANG_ENABLE_MODULES = YES;
				CLANG_ENABLE_OBJC_ARC = YES;
				CLANG_WARN_BOOL_CONVERSION = YES;
				CLANG_WARN_CONSTANT_CONVERSION = YES;
				CLANG_WARN_DIRECT_OBJC_ISA_USAGE = YES_ERROR;
				CLANG_WARN_EMPTY_BODY = YES;
				CLANG_WARN_ENUM_CONVERSION = YES;
				CLANG_WARN_INT_CONVERSION = YES;
				CLANG_WARN_OBJC_ROOT_CLASS = YES_ERROR;
				CLANG_WARN__DUPLICATE_METHOD_MATCH = YES;
				"CODE_SIGN_IDENTITY[sdk=iphoneos*]" = "iPhone Developer";
				COPY_PHASE_STRIP = YES;
				ENABLE_NS_ASSERTIONS = NO;
				GCC_C_LANGUAGE_STANDARD = gnu99;
				GCC_WARN_64_TO_32_BIT_CONVERSION = YES;
				GCC_WARN_ABOUT_RETURN_TYPE = YES_ERROR;
				GCC_WARN_UNDECLARED_SELECTOR = YES;
				GCC_WARN_UNINITIALIZED_AUTOS = YES;
				GCC_WARN_UNUSED_FUNCTION = YES;
				GCC_WARN_UNUSED_VARIABLE = YES;
				IPHONEOS_DEPLOYMENT_TARGET = 7.0;
				OTHER_CFLAGS = "";
				OTHER_LDFLAGS = "-ObjC";
				SDKROOT = iphoneos;
				VALIDATE_PRODUCT = YES;
			};
			name = Release;
		};
		6ACF123118D4F12000180CC0 /* Debug */ = {
			isa = XCBuildConfiguration;
			buildSettings = {
				ASSETCATALOG_COMPILER_APPICON_NAME = AppIcon;
				ASSETCATALOG_COMPILER_LAUNCHIMAGE_NAME = LaunchImage;
				FRAMEWORK_SEARCH_PATHS = (
					"$(inherited)",
					"/Users/caseyatnip08/Desktop/Social\\ Mapping\\ App/xcode/SocialMappingApp",
				);
				GCC_PRECOMPILE_PREFIX_HEADER = YES;
				GCC_PREFIX_HEADER = "SocialMappingApp/SocialMappingApp-Prefix.pch";
				INFOPLIST_FILE = "SocialMappingApp/SocialMappingApp-Info.plist";
				PRODUCT_NAME = "$(TARGET_NAME)";
				WRAPPER_EXTENSION = app;
			};
			name = Debug;
		};
		6ACF123218D4F12000180CC0 /* Release */ = {
			isa = XCBuildConfiguration;
			buildSettings = {
				ASSETCATALOG_COMPILER_APPICON_NAME = AppIcon;
				ASSETCATALOG_COMPILER_LAUNCHIMAGE_NAME = LaunchImage;
				FRAMEWORK_SEARCH_PATHS = (
					"$(inherited)",
					"/Users/caseyatnip08/Desktop/Social\\ Mapping\\ App/xcode/SocialMappingApp",
				);
				GCC_PRECOMPILE_PREFIX_HEADER = YES;
				GCC_PREFIX_HEADER = "SocialMappingApp/SocialMappingApp-Prefix.pch";
				INFOPLIST_FILE = "SocialMappingApp/SocialMappingApp-Info.plist";
				PRODUCT_NAME = "$(TARGET_NAME)";
				WRAPPER_EXTENSION = app;
			};
			name = Release;
		};
		6ACF123418D4F12000180CC0 /* Debug */ = {
			isa = XCBuildConfiguration;
			buildSettings = {
				ARCHS = "$(ARCHS_STANDARD_INCLUDING_64_BIT)";
				BUNDLE_LOADER = "$(BUILT_PRODUCTS_DIR)/SocialMappingApp.app/SocialMappingApp";
				FRAMEWORK_SEARCH_PATHS = (
					"$(SDKROOT)/Developer/Library/Frameworks",
					"$(inherited)",
					"$(DEVELOPER_FRAMEWORKS_DIR)",
				);
				GCC_PRECOMPILE_PREFIX_HEADER = YES;
				GCC_PREFIX_HEADER = "SocialMappingApp/SocialMappingApp-Prefix.pch";
				GCC_PREPROCESSOR_DEFINITIONS = (
					"DEBUG=1",
					"$(inherited)",
				);
				INFOPLIST_FILE = "SocialMappingAppTests/SocialMappingAppTests-Info.plist";
				PRODUCT_NAME = "$(TARGET_NAME)";
				TEST_HOST = "$(BUNDLE_LOADER)";
				WRAPPER_EXTENSION = xctest;
			};
			name = Debug;
		};
		6ACF123518D4F12000180CC0 /* Release */ = {
			isa = XCBuildConfiguration;
			buildSettings = {
				ARCHS = "$(ARCHS_STANDARD_INCLUDING_64_BIT)";
				BUNDLE_LOADER = "$(BUILT_PRODUCTS_DIR)/SocialMappingApp.app/SocialMappingApp";
				FRAMEWORK_SEARCH_PATHS = (
					"$(SDKROOT)/Developer/Library/Frameworks",
					"$(inherited)",
					"$(DEVELOPER_FRAMEWORKS_DIR)",
				);
				GCC_PRECOMPILE_PREFIX_HEADER = YES;
				GCC_PREFIX_HEADER = "SocialMappingApp/SocialMappingApp-Prefix.pch";
				INFOPLIST_FILE = "SocialMappingAppTests/SocialMappingAppTests-Info.plist";
				PRODUCT_NAME = "$(TARGET_NAME)";
				TEST_HOST = "$(BUNDLE_LOADER)";
				WRAPPER_EXTENSION = xctest;
			};
			name = Release;
		};
/* End XCBuildConfiguration section */

/* Begin XCConfigurationList section */
		6ACF11F918D4F12000180CC0 /* Build configuration list for PBXProject "SocialMappingApp" */ = {
			isa = XCConfigurationList;
			buildConfigurations = (
				6ACF122E18D4F12000180CC0 /* Debug */,
				6ACF122F18D4F12000180CC0 /* Release */,
			);
			defaultConfigurationIsVisible = 0;
			defaultConfigurationName = Release;
		};
		6ACF123018D4F12000180CC0 /* Build configuration list for PBXNativeTarget "SocialMappingApp" */ = {
			isa = XCConfigurationList;
			buildConfigurations = (
				6ACF123118D4F12000180CC0 /* Debug */,
				6ACF123218D4F12000180CC0 /* Release */,
			);
			defaultConfigurationIsVisible = 0;
			defaultConfigurationName = Release;
		};
		6ACF123318D4F12000180CC0 /* Build configuration list for PBXNativeTarget "SocialMappingAppTests" */ = {
			isa = XCConfigurationList;
			buildConfigurations = (
				6ACF123418D4F12000180CC0 /* Debug */,
				6ACF123518D4F12000180CC0 /* Release */,
			);
			defaultConfigurationIsVisible = 0;
			defaultConfigurationName = Release;
		};
/* End XCConfigurationList section */
	};
	rootObject = 6ACF11F618D4F12000180CC0 /* Project object */;
}
